
Microsoft Visual Studio Solution File, Format Version 12.00
# Visual Studio Version 16
VisualStudioVersion = 16.0.33027.164
MinimumVisualStudioVersion = 10.0.40219.1
Project("{FAE04EC0-301F-11D3-BF4B-00C04F79EFBC}") = "possiveisPraticas", "possiveisPraticas\possiveisPraticas.csproj", "{5B592C9B-78D0-46E5-806E-99D2E467DEEF}"
EndProject
Global
	GlobalSection(SolutionConfigurationPlatforms) = preSolution
		Debug|Any CPU = Debug|Any CPU
		Release|Any CPU = Release|Any CPU
	EndGlobalSection
	GlobalSection(ProjectConfigurationPlatforms) = postSolution
		{5B592C9B-78D0-46E5-806E-99D2E467DEEF}.Debug|Any CPU.ActiveCfg = Debug|Any CPU
		{5B592C9B-78D0-46E5-806E-99D2E467DEEF}.Debug|Any CPU.Build.0 = Debug|Any CPU
		{5B592C9B-78D0-46E5-806E-99D2E467DEEF}.Release|Any CPU.ActiveCfg = Release|Any CPU
		{5B592C9B-78D0-46E5-806E-99D2E467DEEF}.Release|Any CPU.Build.0 = Release|Any CPU
	EndGlobalSection
	GlobalSection(SolutionProperties) = preSolution
		HideSolutionNode = FALSE
	EndGlobalSection
	GlobalSection(ExtensibilityGlobals) = postSolution
		SolutionGuid = {57DE0C3A-026C-4D30-A71D-5FA04E155EB1}
	EndGlobalSection
EndGlobal
